
Microsoft Visual Studio Solution File, Format Version 12.00
# Visual Studio Version 16
VisualStudioVersion = 16.0.28803.202
MinimumVisualStudioVersion = 10.0.40219.1
Project("{FAE04EC0-301F-11D3-BF4B-00C04F79EFBC}") = "WinMLPlayground", "WinMLPlayground\WinMLPlayground.csproj", "{E05BBE20-48C5-485B-8E66-A06FE5D53D4F}"
EndProject
Project("{9A19103F-16F7-4668-BE54-9A1E7A4F7556}") = "WinMLPlayground.Core", "WinMLPlayground.Core\WinMLPlayground.Core.csproj", "{19F0859F-F14E-47ED-B431-B6BF03DDA08B}"
EndProject
Global
	GlobalSection(SolutionConfigurationPlatforms) = preSolution
		Debug|Any CPU = Debug|Any CPU
		Debug|ARM = Debug|ARM
		Debug|x64 = Debug|x64
		Debug|x86 = Debug|x86
		Release|Any CPU = Release|Any CPU
		Release|ARM = Release|ARM
		Release|x64 = Release|x64
		Release|x86 = Release|x86
	EndGlobalSection
	GlobalSection(ProjectConfigurationPlatforms) = postSolution
		{E05BBE20-48C5-485B-8E66-A06FE5D53D4F}.Debug|Any CPU.ActiveCfg = Debug|x86
		{E05BBE20-48C5-485B-8E66-A06FE5D53D4F}.Debug|ARM.ActiveCfg = Debug|ARM
		{E05BBE20-48C5-485B-8E66-A06FE5D53D4F}.Debug|ARM.Build.0 = Debug|ARM
		{E05BBE20-48C5-485B-8E66-A06FE5D53D4F}.Debug|ARM.Deploy.0 = Debug|ARM
		{E05BBE20-48C5-485B-8E66-A06FE5D53D4F}.Debug|x64.ActiveCfg = Debug|x64
		{E05BBE20-48C5-485B-8E66-A06FE5D53D4F}.Debug|x64.Build.0 = Debug|x64
		{E05BBE20-48C5-485B-8E66-A06FE5D53D4F}.Debug|x64.Deploy.0 = Debug|x64
		{E05BBE20-48C5-485B-8E66-A06FE5D53D4F}.Debug|x86.ActiveCfg = Debug|x86
		{E05BBE20-48C5-485B-8E66-A06FE5D53D4F}.Debug|x86.Build.0 = Debug|x86
		{E05BBE20-48C5-485B-8E66-A06FE5D53D4F}.Debug|x86.Deploy.0 = Debug|x86
		{E05BBE20-48C5-485B-8E66-A06FE5D53D4F}.Release|Any CPU.ActiveCfg = Release|x86
		{E05BBE20-48C5-485B-8E66-A06FE5D53D4F}.Release|ARM.ActiveCfg = Release|ARM
		{E05BBE20-48C5-485B-8E66-A06FE5D53D4F}.Release|ARM.Build.0 = Release|ARM
		{E05BBE20-48C5-485B-8E66-A06FE5D53D4F}.Release|ARM.Deploy.0 = Release|ARM
		{E05BBE20-48C5-485B-8E66-A06FE5D53D4F}.Release|x64.ActiveCfg = Release|x64
		{E05BBE20-48C5-485B-8E66-A06FE5D53D4F}.Release|x64.Build.0 = Release|x64
		{E05BBE20-48C5-485B-8E66-A06FE5D53D4F}.Release|x64.Deploy.0 = Release|x64
		{E05BBE20-48C5-485B-8E66-A06FE5D53D4F}.Release|x86.ActiveCfg = Release|x86
		{E05BBE20-48C5-485B-8E66-A06FE5D53D4F}.Release|x86.Build.0 = Release|x86
		{E05BBE20-48C5-485B-8E66-A06FE5D53D4F}.Release|x86.Deploy.0 = Release|x86
		{19F0859F-F14E-47ED-B431-B6BF03DDA08B}.Debug|Any CPU.ActiveCfg = Debug|Any CPU
		{19F0859F-F14E-47ED-B431-B6BF03DDA08B}.Debug|Any CPU.Build.0 = Debug|Any CPU
		{19F0859F-F14E-47ED-B431-B6BF03DDA08B}.Debug|ARM.ActiveCfg = Debug|Any CPU
		{19F0859F-F14E-47ED-B431-B6BF03DDA08B}.Debug|ARM.Build.0 = Debug|Any CPU
		{19F0859F-F14E-47ED-B431-B6BF03DDA08B}.Debug|x64.ActiveCfg = Debug|Any CPU
		{19F0859F-F14E-47ED-B431-B6BF03DDA08B}.Debug|x64.Build.0 = Debug|Any CPU
		{19F0859F-F14E-47ED-B431-B6BF03DDA08B}.Debug|x86.ActiveCfg = Debug|Any CPU
		{19F0859F-F14E-47ED-B431-B6BF03DDA08B}.Debug|x86.Build.0 = Debug|Any CPU
		{19F0859F-F14E-47ED-B431-B6BF03DDA08B}.Release|Any CPU.ActiveCfg = Release|Any CPU
		{19F0859F-F14E-47ED-B431-B6BF03DDA08B}.Release|Any CPU.Build.0 = Release|Any CPU
		{19F0859F-F14E-47ED-B431-B6BF03DDA08B}.Release|ARM.ActiveCfg = Release|Any CPU
		{19F0859F-F14E-47ED-B431-B6BF03DDA08B}.Release|ARM.Build.0 = Release|Any CPU
		{19F0859F-F14E-47ED-B431-B6BF03DDA08B}.Release|x64.ActiveCfg = Release|Any CPU
		{19F0859F-F14E-47ED-B431-B6BF03DDA08B}.Release|x64.Build.0 = Release|Any CPU
		{19F0859F-F14E-47ED-B431-B6BF03DDA08B}.Release|x86.ActiveCfg = Release|Any CPU
		{19F0859F-F14E-47ED-B431-B6BF03DDA08B}.Release|x86.Build.0 = Release|Any CPU
	EndGlobalSection
	GlobalSection(SolutionProperties) = preSolution
		HideSolutionNode = FALSE
	EndGlobalSection
	GlobalSection(ExtensibilityGlobals) = postSolution
		SolutionGuid = {51576B22-CB43-497F-8F07-F615498D34EE}
	EndGlobalSection
EndGlobal
